# THIS IS AN AUTOGENERATED FILE. DO NOT EDIT THIS FILE DIRECTLY.
# yarn lockfile v1


p5@^1.1.9:
  version "1.1.9"
  resolved "https://registry.yarnpkg.com/p5/-/p5-1.1.9.tgz#b33692100f991b993128fd8e3324cc56adad68b2"
  integrity sha512-gU+UBEAXLGt3RQFzTtsKijF+eBidweIqRrg51AniuLG8LKHzylrB5ilIOzyDgcR1/hWt6danWPArjaVtXHWfWg==
